
Microsoft Visual Studio Solution File, Format Version 12.00
# Visual Studio Version 17
VisualStudioVersion = 17.8.34330.188
MinimumVisualStudioVersion = 10.0.40219.1
Project("{FAE04EC0-301F-11D3-BF4B-00C04F79EFBC}") = "SecureApi.Web", "SecureApi.Web\SecureApi.Web.csproj", "{BF3503CF-07EB-4D0B-8CF4-B0025BDC300A}"
EndProject
Global
	GlobalSection(SolutionConfigurationPlatforms) = preSolution
		Debug|Any CPU = Debug|Any CPU
		Release|Any CPU = Release|Any CPU
	EndGlobalSection
	GlobalSection(ProjectConfigurationPlatforms) = postSolution
		{BF3503CF-07EB-4D0B-8CF4-B0025BDC300A}.Debug|Any CPU.ActiveCfg = Debug|Any CPU
		{BF3503CF-07EB-4D0B-8CF4-B0025BDC300A}.Debug|Any CPU.Build.0 = Debug|Any CPU
		{BF3503CF-07EB-4D0B-8CF4-B0025BDC300A}.Release|Any CPU.ActiveCfg = Release|Any CPU
		{BF3503CF-07EB-4D0B-8CF4-B0025BDC300A}.Release|Any CPU.Build.0 = Release|Any CPU
	EndGlobalSection
	GlobalSection(SolutionProperties) = preSolution
		HideSolutionNode = FALSE
	EndGlobalSection
	GlobalSection(ExtensibilityGlobals) = postSolution
		SolutionGuid = {9377B7C2-3B06-4EA7-8BF9-181A06D5E21F}
	EndGlobalSection
EndGlobal
